// !$*UTF8*$!
{
	archiveVersion = 1;
	classes = {
	};
	objectVersion = 56;
	objects = {

/* Begin PBXBuildFile section */
		A67B8D1829914AC4006E92BF /* Realm in Frameworks */ = {isa = PBXBuildFile; productRef = A67B8D1729914AC4006E92BF /* Realm */; };
		A67B8D1A29914AC4006E92BF /* RealmSwift in Frameworks */ = {isa = PBXBuildFile; productRef = A67B8D1929914AC4006E92BF /* RealmSwift */; };
		A67B8D2029914D6B006E92BF /* TextBalaboba.swift in Sources */ = {isa = PBXBuildFile; fileRef = A67B8D1F29914D6B006E92BF /* TextBalaboba.swift */; };
		A67B8D23299153AA006E92BF /* YaBalaboba.swift in Sources */ = {isa = PBXBuildFile; fileRef = A67B8D22299153AA006E92BF /* YaBalaboba.swift */; };
		A67B8D2529915492006E92BF /* LocalService.swift in Sources */ = {isa = PBXBuildFile; fileRef = A67B8D2429915492006E92BF /* LocalService.swift */; };
		A67B8D2829915973006E92BF /* Realm + Results.swift in Sources */ = {isa = PBXBuildFile; fileRef = A67B8D2729915973006E92BF /* Realm + Results.swift */; };
		A6F581D2297A975200F9B26D /* YaBalaboba.h in Headers */ = {isa = PBXBuildFile; fileRef = A6F581D1297A975200F9B26D /* YaBalaboba.h */; settings = {ATTRIBUTES = (Public, ); }; };
		A6F581DA297A980800F9B26D /* ObjectMapper in Frameworks */ = {isa = PBXBuildFile; productRef = A6F581D9297A980800F9B26D /* ObjectMapper */; };
		A6F581E1297A9F4200F9B26D /* IntroList.swift in Sources */ = {isa = PBXBuildFile; fileRef = A6F581E0297A9F4200F9B26D /* IntroList.swift */; };
		A6F581E3297A9FB900F9B26D /* Response.swift in Sources */ = {isa = PBXBuildFile; fileRef = A6F581E2297A9FB900F9B26D /* Response.swift */; };
		A6F581E5297AA18100F9B26D /* ApiService.swift in Sources */ = {isa = PBXBuildFile; fileRef = A6F581E4297AA18100F9B26D /* ApiService.swift */; };
/* End PBXBuildFile section */

/* Begin PBXFileReference section */
		A67B8D1F29914D6B006E92BF /* TextBalaboba.swift */ = {isa = PBXFileReference; fileEncoding = 4; lastKnownFileType = sourcecode.swift; path = TextBalaboba.swift; sourceTree = "<group>"; };
		A67B8D22299153AA006E92BF /* YaBalaboba.swift */ = {isa = PBXFileReference; lastKnownFileType = sourcecode.swift; path = YaBalaboba.swift; sourceTree = "<group>"; };
		A67B8D2429915492006E92BF /* LocalService.swift */ = {isa = PBXFileReference; lastKnownFileType = sourcecode.swift; path = LocalService.swift; sourceTree = "<group>"; };
		A67B8D2729915973006E92BF /* Realm + Results.swift */ = {isa = PBXFileReference; lastKnownFileType = sourcecode.swift; path = "Realm + Results.swift"; sourceTree = "<group>"; };
		A6F581CE297A975200F9B26D /* YaBalaboba.framework */ = {isa = PBXFileReference; explicitFileType = wrapper.framework; includeInIndex = 0; path = YaBalaboba.framework; sourceTree = BUILT_PRODUCTS_DIR; };
		A6F581D1297A975200F9B26D /* YaBalaboba.h */ = {isa = PBXFileReference; lastKnownFileType = sourcecode.c.h; path = YaBalaboba.h; sourceTree = "<group>"; };
		A6F581E0297A9F4200F9B26D /* IntroList.swift */ = {isa = PBXFileReference; lastKnownFileType = sourcecode.swift; path = IntroList.swift; sourceTree = "<group>"; };
		A6F581E2297A9FB900F9B26D /* Response.swift */ = {isa = PBXFileReference; lastKnownFileType = sourcecode.swift; path = Response.swift; sourceTree = "<group>"; };
		A6F581E4297AA18100F9B26D /* ApiService.swift */ = {isa = PBXFileReference; lastKnownFileType = sourcecode.swift; path = ApiService.swift; sourceTree = "<group>"; };
/* End PBXFileReference section */

/* Begin PBXFrameworksBuildPhase section */
		A6F581CB297A975200F9B26D /* Frameworks */ = {
			isa = PBXFrameworksBuildPhase;
			buildActionMask = 2147483647;
			files = (
				A67B8D1A29914AC4006E92BF /* RealmSwift in Frameworks */,
				A67B8D1829914AC4006E92BF /* Realm in Frameworks */,
				A6F581DA297A980800F9B26D /* ObjectMapper in Frameworks */,
			);
			runOnlyForDeploymentPostprocessing = 0;
		};
/* End PBXFrameworksBuildPhase section */

/* Begin PBXGroup section */
		A67B8D1B29914ADD006E92BF /* Frameworks */ = {
			isa = PBXGroup;
			children = (
			);
			name = Frameworks;
			sourceTree = "<group>";
		};
		A67B8D2629915963006E92BF /* Helpers */ = {
			isa = PBXGroup;
			children = (
				A67B8D2729915973006E92BF /* Realm + Results.swift */,
			);
			path = Helpers;
			sourceTree = "<group>";
		};
		A6F581C4297A975200F9B26D = {
			isa = PBXGroup;
			children = (
				A6F581D0297A975200F9B26D /* YaBalaboba */,
				A6F581CF297A975200F9B26D /* Products */,
				A67B8D1B29914ADD006E92BF /* Frameworks */,
			);
			sourceTree = "<group>";
		};
		A6F581CF297A975200F9B26D /* Products */ = {
			isa = PBXGroup;
			children = (
				A6F581CE297A975200F9B26D /* YaBalaboba.framework */,
			);
			name = Products;
			sourceTree = "<group>";
		};
		A6F581D0297A975200F9B26D /* YaBalaboba */ = {
			isa = PBXGroup;
			children = (
				A67B8D2629915963006E92BF /* Helpers */,
				A6F581DF297A986A00F9B26D /* Models */,
				A6F581DE297A986000F9B26D /* Service */,
				A6F581D1297A975200F9B26D /* YaBalaboba.h */,
				A67B8D22299153AA006E92BF /* YaBalaboba.swift */,
			);
			path = YaBalaboba;
			sourceTree = "<group>";
		};
		A6F581DE297A986000F9B26D /* Service */ = {
			isa = PBXGroup;
			children = (
				A6F581E4297AA18100F9B26D /* ApiService.swift */,
				A67B8D2429915492006E92BF /* LocalService.swift */,
			);
			path = Service;
			sourceTree = "<group>";
		};
		A6F581DF297A986A00F9B26D /* Models */ = {
			isa = PBXGroup;
			children = (
				A6F581E0297A9F4200F9B26D /* IntroList.swift */,
				A6F581E2297A9FB900F9B26D /* Response.swift */,
				A67B8D1F29914D6B006E92BF /* TextBalaboba.swift */,
			);
			path = Models;
			sourceTree = "<group>";
		};
/* End PBXGroup section */

/* Begin PBXHeadersBuildPhase section */
		A6F581C9297A975200F9B26D /* Headers */ = {
			isa = PBXHeadersBuildPhase;
			buildActionMask = 2147483647;
			files = (
				A6F581D2297A975200F9B26D /* YaBalaboba.h in Headers */,
			);
			runOnlyForDeploymentPostprocessing = 0;
		};
/* End PBXHeadersBuildPhase section */

/* Begin PBXNativeTarget section */
		A6F581CD297A975200F9B26D /* YaBalaboba */ = {
			isa = PBXNativeTarget;
			buildConfigurationList = A6F581D5297A975200F9B26D /* Build configuration list for PBXNativeTarget "YaBalaboba" */;
			buildPhases = (
				A6F581C9297A975200F9B26D /* Headers */,
				A6F581CA297A975200F9B26D /* Sources */,
				A6F581CB297A975200F9B26D /* Frameworks */,
				A6F581CC297A975200F9B26D /* Resources */,
			);
			buildRules = (
			);
			dependencies = (
			);
			name = YaBalaboba;
			packageProductDependencies = (
				A6F581D9297A980800F9B26D /* ObjectMapper */,
				A67B8D1729914AC4006E92BF /* Realm */,
				A67B8D1929914AC4006E92BF /* RealmSwift */,
			);
			productName = YaBalaboba;
			productReference = A6F581CE297A975200F9B26D /* YaBalaboba.framework */;
			productType = "com.apple.product-type.framework";
		};
/* End PBXNativeTarget section */

/* Begin PBXProject section */
		A6F581C5297A975200F9B26D /* Project object */ = {
			isa = PBXProject;
			attributes = {
				BuildIndependentTargetsInParallel = 1;
				LastUpgradeCheck = 1420;
				TargetAttributes = {
					A6F581CD297A975200F9B26D = {
						CreatedOnToolsVersion = 14.2;
						LastSwiftMigration = 1420;
					};
				};
			};
			buildConfigurationList = A6F581C8297A975200F9B26D /* Build configuration list for PBXProject "YaBalaboba" */;
			compatibilityVersion = "Xcode 14.0";
			developmentRegion = en;
			hasScannedForEncodings = 0;
			knownRegions = (
				en,
				Base,
			);
			mainGroup = A6F581C4297A975200F9B26D;
			packageReferences = (
				A6F581D8297A980800F9B26D /* XCRemoteSwiftPackageReference "ObjectMapper" */,
				A67B8D1629914AC4006E92BF /* XCRemoteSwiftPackageReference "realm-swift" */,
			);
			productRefGroup = A6F581CF297A975200F9B26D /* Products */;
			projectDirPath = "";
			projectRoot = "";
			targets = (
				A6F581CD297A975200F9B26D /* YaBalaboba */,
			);
		};
/* End PBXProject section */

/* Begin PBXResourcesBuildPhase section */
		A6F581CC297A975200F9B26D /* Resources */ = {
			isa = PBXResourcesBuildPhase;
			buildActionMask = 2147483647;
			files = (
			);
			runOnlyForDeploymentPostprocessing = 0;
		};
/* End PBXResourcesBuildPhase section */

/* Begin PBXSourcesBuildPhase section */
		A6F581CA297A975200F9B26D /* Sources */ = {
			isa = PBXSourcesBuildPhase;
			buildActionMask = 2147483647;
			files = (
				A6F581E5297AA18100F9B26D /* ApiService.swift in Sources */,
				A67B8D2529915492006E92BF /* LocalService.swift in Sources */,
				A6F581E3297A9FB900F9B26D /* Response.swift in Sources */,
				A67B8D2029914D6B006E92BF /* TextBalaboba.swift in Sources */,
				A67B8D2829915973006E92BF /* Realm + Results.swift in Sources */,
				A6F581E1297A9F4200F9B26D /* IntroList.swift in Sources */,
				A67B8D23299153AA006E92BF /* YaBalaboba.swift in Sources */,
			);
			runOnlyForDeploymentPostprocessing = 0;
		};
/* End PBXSourcesBuildPhase section */

/* Begin XCBuildConfiguration section */
		A6F581D3297A975200F9B26D /* Debug */ = {
			isa = XCBuildConfiguration;
			buildSettings = {
				ALWAYS_SEARCH_USER_PATHS = NO;
				CLANG_ANALYZER_NONNULL = YES;
				CLANG_ANALYZER_NUMBER_OBJECT_CONVERSION = YES_AGGRESSIVE;
				CLANG_CXX_LANGUAGE_STANDARD = "gnu++20";
				CLANG_ENABLE_MODULES = YES;
				CLANG_ENABLE_OBJC_ARC = YES;
				CLANG_ENABLE_OBJC_WEAK = YES;
				CLANG_WARN_BLOCK_CAPTURE_AUTORELEASING = YES;
				CLANG_WARN_BOOL_CONVERSION = YES;
				CLANG_WARN_COMMA = YES;
				CLANG_WARN_CONSTANT_CONVERSION = YES;
				CLANG_WARN_DEPRECATED_OBJC_IMPLEMENTATIONS = YES;
				CLANG_WARN_DIRECT_OBJC_ISA_USAGE = YES_ERROR;
				CLANG_WARN_DOCUMENTATION_COMMENTS = YES;
				CLANG_WARN_EMPTY_BODY = YES;
				CLANG_WARN_ENUM_CONVERSION = YES;
				CLANG_WARN_INFINITE_RECURSION = YES;
				CLANG_WARN_INT_CONVERSION = YES;
				CLANG_WARN_NON_LITERAL_NULL_CONVERSION = YES;
				CLANG_WARN_OBJC_IMPLICIT_RETAIN_SELF = YES;
				CLANG_WARN_OBJC_LITERAL_CONVERSION = YES;
				CLANG_WARN_OBJC_ROOT_CLASS = YES_ERROR;
				CLANG_WARN_QUOTED_INCLUDE_IN_FRAMEWORK_HEADER = YES;
				CLANG_WARN_RANGE_LOOP_ANALYSIS = YES;
				CLANG_WARN_STRICT_PROTOTYPES = YES;
				CLANG_WARN_SUSPICIOUS_MOVE = YES;
				CLANG_WARN_UNGUARDED_AVAILABILITY = YES_AGGRESSIVE;
				CLANG_WARN_UNREACHABLE_CODE = YES;
				CLANG_WARN__DUPLICATE_METHOD_MATCH = YES;
				COPY_PHASE_STRIP = NO;
				CURRENT_PROJECT_VERSION = 1;
				DEBUG_INFORMATION_FORMAT = dwarf;
				ENABLE_STRICT_OBJC_MSGSEND = YES;
				ENABLE_TESTABILITY = YES;
				GCC_C_LANGUAGE_STANDARD = gnu11;
				GCC_DYNAMIC_NO_PIC = NO;
				GCC_NO_COMMON_BLOCKS = YES;
				GCC_OPTIMIZATION_LEVEL = 0;
				GCC_PREPROCESSOR_DEFINITIONS = (
					"DEBUG=1",
					"$(inherited)",
				);
				GCC_WARN_64_TO_32_BIT_CONVERSION = YES;
				GCC_WARN_ABOUT_RETURN_TYPE = YES_ERROR;
				GCC_WARN_UNDECLARED_SELECTOR = YES;
				GCC_WARN_UNINITIALIZED_AUTOS = YES_AGGRESSIVE;
				GCC_WARN_UNUSED_FUNCTION = YES;
				GCC_WARN_UNUSED_VARIABLE = YES;
				IPHONEOS_DEPLOYMENT_TARGET = 12.0;
				MTL_ENABLE_DEBUG_INFO = INCLUDE_SOURCE;
				MTL_FAST_MATH = YES;
				ONLY_ACTIVE_ARCH = YES;
				SDKROOT = iphoneos;
				SWIFT_ACTIVE_COMPILATION_CONDITIONS = DEBUG;
				SWIFT_OPTIMIZATION_LEVEL = "-Onone";
				VERSIONING_SYSTEM = "apple-generic";
				VERSION_INFO_PREFIX = "";
			};
			name = Debug;
		};
		A6F581D4297A975200F9B26D /* Release */ = {
			isa = XCBuildConfiguration;
			buildSettings = {
				ALWAYS_SEARCH_USER_PATHS = NO;
				CLANG_ANALYZER_NONNULL = YES;
				CLANG_ANALYZER_NUMBER_OBJECT_CONVERSION = YES_AGGRESSIVE;
				CLANG_CXX_LANGUAGE_STANDARD = "gnu++20";
				CLANG_ENABLE_MODULES = YES;
				CLANG_ENABLE_OBJC_ARC = YES;
				CLANG_ENABLE_OBJC_WEAK = YES;
				CLANG_WARN_BLOCK_CAPTURE_AUTORELEASING = YES;
				CLANG_WARN_BOOL_CONVERSION = YES;
				CLANG_WARN_COMMA = YES;
				CLANG_WARN_CONSTANT_CONVERSION = YES;
				CLANG_WARN_DEPRECATED_OBJC_IMPLEMENTATIONS = YES;
				CLANG_WARN_DIRECT_OBJC_ISA_USAGE = YES_ERROR;
				CLANG_WARN_DOCUMENTATION_COMMENTS = YES;
				CLANG_WARN_EMPTY_BODY = YES;
				CLANG_WARN_ENUM_CONVERSION = YES;
				CLANG_WARN_INFINITE_RECURSION = YES;
				CLANG_WARN_INT_CONVERSION = YES;
				CLANG_WARN_NON_LITERAL_NULL_CONVERSION = YES;
				CLANG_WARN_OBJC_IMPLICIT_RETAIN_SELF = YES;
				CLANG_WARN_OBJC_LITERAL_CONVERSION = YES;
				CLANG_WARN_OBJC_ROOT_CLASS = YES_ERROR;
				CLANG_WARN_QUOTED_INCLUDE_IN_FRAMEWORK_HEADER = YES;
				CLANG_WARN_RANGE_LOOP_ANALYSIS = YES;
				CLANG_WARN_STRICT_PROTOTYPES = YES;
				CLANG_WARN_SUSPICIOUS_MOVE = YES;
				CLANG_WARN_UNGUARDED_AVAILABILITY = YES_AGGRESSIVE;
				CLANG_WARN_UNREACHABLE_CODE = YES;
				CLANG_WARN__DUPLICATE_METHOD_MATCH = YES;
				COPY_PHASE_STRIP = NO;
				CURRENT_PROJECT_VERSION = 1;
				DEBUG_INFORMATION_FORMAT = "dwarf-with-dsym";
				ENABLE_NS_ASSERTIONS = NO;
				ENABLE_STRICT_OBJC_MSGSEND = YES;
				GCC_C_LANGUAGE_STANDARD = gnu11;
				GCC_NO_COMMON_BLOCKS = YES;
				GCC_WARN_64_TO_32_BIT_CONVERSION = YES;
				GCC_WARN_ABOUT_RETURN_TYPE = YES_ERROR;
				GCC_WARN_UNDECLARED_SELECTOR = YES;
				GCC_WARN_UNINITIALIZED_AUTOS = YES_AGGRESSIVE;
				GCC_WARN_UNUSED_FUNCTION = YES;
				GCC_WARN_UNUSED_VARIABLE = YES;
				IPHONEOS_DEPLOYMENT_TARGET = 12.0;
				MTL_ENABLE_DEBUG_INFO = NO;
				MTL_FAST_MATH = YES;
				SDKROOT = iphoneos;
				SWIFT_COMPILATION_MODE = wholemodule;
				SWIFT_OPTIMIZATION_LEVEL = "-O";
				VALIDATE_PRODUCT = YES;
				VERSIONING_SYSTEM = "apple-generic";
				VERSION_INFO_PREFIX = "";
			};
			name = Release;
		};
		A6F581D6297A975200F9B26D /* Debug */ = {
			isa = XCBuildConfiguration;
			buildSettings = {
				CLANG_ENABLE_MODULES = YES;
				CODE_SIGN_STYLE = Automatic;
				CURRENT_PROJECT_VERSION = 1;
				DEFINES_MODULE = YES;
				DEVELOPMENT_TEAM = Z4334HKQ8Q;
				DYLIB_COMPATIBILITY_VERSION = 1;
				DYLIB_CURRENT_VERSION = 1;
				DYLIB_INSTALL_NAME_BASE = "@rpath";
				GENERATE_INFOPLIST_FILE = YES;
				INFOPLIST_KEY_NSHumanReadableCopyright = "";
				INSTALL_PATH = "$(LOCAL_LIBRARY_DIR)/Frameworks";
				LD_RUNPATH_SEARCH_PATHS = (
					"$(inherited)",
					"@executable_path/Frameworks",
					"@loader_path/Frameworks",
				);
				MARKETING_VERSION = 1.0;
				PRODUCT_BUNDLE_IDENTIFIER = mvc.YaBalaboba;
				PRODUCT_NAME = "$(TARGET_NAME:c99extidentifier)";
				SKIP_INSTALL = YES;
				SWIFT_EMIT_LOC_STRINGS = YES;
				SWIFT_OPTIMIZATION_LEVEL = "-Onone";
				SWIFT_VERSION = 5.0;
				TARGETED_DEVICE_FAMILY = "1,2";
			};
			name = Debug;
		};
		A6F581D7297A975200F9B26D /* Release */ = {
			isa = XCBuildConfiguration;
			buildSettings = {
				CLANG_ENABLE_MODULES = YES;
				CODE_SIGN_STYLE = Automatic;
				CURRENT_PROJECT_VERSION = 1;
				DEFINES_MODULE = YES;
				DEVELOPMENT_TEAM = Z4334HKQ8Q;
				DYLIB_COMPATIBILITY_VERSION = 1;
				DYLIB_CURRENT_VERSION = 1;
				DYLIB_INSTALL_NAME_BASE = "@rpath";
				GENERATE_INFOPLIST_FILE = YES;
				INFOPLIST_KEY_NSHumanReadableCopyright = "";
				INSTALL_PATH = "$(LOCAL_LIBRARY_DIR)/Frameworks";
				LD_RUNPATH_SEARCH_PATHS = (
					"$(inherited)",
					"@executable_path/Frameworks",
					"@loader_path/Frameworks",
				);
				MARKETING_VERSION = 1.0;
				PRODUCT_BUNDLE_IDENTIFIER = mvc.YaBalaboba;
				PRODUCT_NAME = "$(TARGET_NAME:c99extidentifier)";
				SKIP_INSTALL = YES;
				SWIFT_EMIT_LOC_STRINGS = YES;
				SWIFT_VERSION = 5.0;
				TARGETED_DEVICE_FAMILY = "1,2";
			};
			name = Release;
		};
/* End XCBuildConfiguration section */

/* Begin XCConfigurationList section */
		A6F581C8297A975200F9B26D /* Build configuration list for PBXProject "YaBalaboba" */ = {
			isa = XCConfigurationList;
			buildConfigurations = (
				A6F581D3297A975200F9B26D /* Debug */,
				A6F581D4297A975200F9B26D /* Release */,
			);
			defaultConfigurationIsVisible = 0;
			defaultConfigurationName = Release;
		};
		A6F581D5297A975200F9B26D /* Build configuration list for PBXNativeTarget "YaBalaboba" */ = {
			isa = XCConfigurationList;
			buildConfigurations = (
				A6F581D6297A975200F9B26D /* Debug */,
				A6F581D7297A975200F9B26D /* Release */,
			);
			defaultConfigurationIsVisible = 0;
			defaultConfigurationName = Release;
		};
/* End XCConfigurationList section */

/* Begin XCRemoteSwiftPackageReference section */
		A67B8D1629914AC4006E92BF /* XCRemoteSwiftPackageReference "realm-swift" */ = {
			isa = XCRemoteSwiftPackageReference;
			repositoryURL = "https://github.com/realm/realm-swift";
			requirement = {
				branch = master;
				kind = branch;
			};
		};
		A6F581D8297A980800F9B26D /* XCRemoteSwiftPackageReference "ObjectMapper" */ = {
			isa = XCRemoteSwiftPackageReference;
			repositoryURL = "https://github.com/tristanhimmelman/ObjectMapper";
			requirement = {
				branch = master;
				kind = branch;
			};
		};
/* End XCRemoteSwiftPackageReference section */

/* Begin XCSwiftPackageProductDependency section */
		A67B8D1729914AC4006E92BF /* Realm */ = {
			isa = XCSwiftPackageProductDependency;
			package = A67B8D1629914AC4006E92BF /* XCRemoteSwiftPackageReference "realm-swift" */;
			productName = Realm;
		};
		A67B8D1929914AC4006E92BF /* RealmSwift */ = {
			isa = XCSwiftPackageProductDependency;
			package = A67B8D1629914AC4006E92BF /* XCRemoteSwiftPackageReference "realm-swift" */;
			productName = RealmSwift;
		};
		A6F581D9297A980800F9B26D /* ObjectMapper */ = {
			isa = XCSwiftPackageProductDependency;
			package = A6F581D8297A980800F9B26D /* XCRemoteSwiftPackageReference "ObjectMapper" */;
			productName = ObjectMapper;
		};
/* End XCSwiftPackageProductDependency section */
	};
	rootObject = A6F581C5297A975200F9B26D /* Project object */;
}
